// !$*UTF8*$!
{
	archiveVersion = 1;
	classes = {
	};
	objectVersion = 55;
	objects = {

/* Begin PBXBuildFile section */
		8365235F284EF4260094169E /* LocationManagerExampleApp.swift in Sources */ = {isa = PBXBuildFile; fileRef = 8365235E284EF4260094169E /* LocationManagerExampleApp.swift */; };
		83652361284EF4260094169E /* ContentView.swift in Sources */ = {isa = PBXBuildFile; fileRef = 83652360284EF4260094169E /* ContentView.swift */; };
		83652363284EF42A0094169E /* Assets.xcassets in Resources */ = {isa = PBXBuildFile; fileRef = 83652362284EF42A0094169E /* Assets.xcassets */; };
		83652366284EF42A0094169E /* Preview Assets.xcassets in Resources */ = {isa = PBXBuildFile; fileRef = 83652365284EF42A0094169E /* Preview Assets.xcassets */; };
		83652373284EF5990094169E /* LocationViewModel.swift in Sources */ = {isa = PBXBuildFile; fileRef = 83652372284EF5990094169E /* LocationViewModel.swift */; };
		83652375284EF6400094169E /* RequestLocationView.swift in Sources */ = {isa = PBXBuildFile; fileRef = 83652374284EF6400094169E /* RequestLocationView.swift */; };
		83652377284EF6480094169E /* ErrorView.swift in Sources */ = {isa = PBXBuildFile; fileRef = 83652376284EF6480094169E /* ErrorView.swift */; };
		83652379284EF6540094169E /* TrackingView.swift in Sources */ = {isa = PBXBuildFile; fileRef = 83652378284EF6540094169E /* TrackingView.swift */; };
		83A1D7412877A3C000A90014 /* EventStore.swift in Sources */ = {isa = PBXBuildFile; fileRef = 83A1D7402877A3C000A90014 /* EventStore.swift */; };
		83A1D7432877A46100A90014 /* Event.swift in Sources */ = {isa = PBXBuildFile; fileRef = 83A1D7422877A46100A90014 /* Event.swift */; };
		83A1D7462877A78F00A90014 /* EventRecord.swift in Sources */ = {isa = PBXBuildFile; fileRef = 83A1D7452877A78F00A90014 /* EventRecord.swift */; };
		83DD62F9287A25AA004A0795 /* RecordIconView.swift in Sources */ = {isa = PBXBuildFile; fileRef = 83DD62F8287A25AA004A0795 /* RecordIconView.swift */; };
		83DD62FB287A34BA004A0795 /* RecordedEventListView.swift in Sources */ = {isa = PBXBuildFile; fileRef = 83DD62FA287A34BA004A0795 /* RecordedEventListView.swift */; };
		83DD62FD287A358F004A0795 /* RecordedEventViewIcon.swift in Sources */ = {isa = PBXBuildFile; fileRef = 83DD62FC287A358F004A0795 /* RecordedEventViewIcon.swift */; };
		83DD62FF287A48F7004A0795 /* SpecificEventDetailsView.swift in Sources */ = {isa = PBXBuildFile; fileRef = 83DD62FE287A48F7004A0795 /* SpecificEventDetailsView.swift */; };
		83DD6301287A4D29004A0795 /* MapView.swift in Sources */ = {isa = PBXBuildFile; fileRef = 83DD6300287A4D29004A0795 /* MapView.swift */; };
/* End PBXBuildFile section */

/* Begin PBXFileReference section */
		8365235B284EF4260094169E /* LocationManagerExample.app */ = {isa = PBXFileReference; explicitFileType = wrapper.application; includeInIndex = 0; path = LocationManagerExample.app; sourceTree = BUILT_PRODUCTS_DIR; };
		8365235E284EF4260094169E /* LocationManagerExampleApp.swift */ = {isa = PBXFileReference; lastKnownFileType = sourcecode.swift; path = LocationManagerExampleApp.swift; sourceTree = "<group>"; };
		83652360284EF4260094169E /* ContentView.swift */ = {isa = PBXFileReference; lastKnownFileType = sourcecode.swift; path = ContentView.swift; sourceTree = "<group>"; };
		83652362284EF42A0094169E /* Assets.xcassets */ = {isa = PBXFileReference; lastKnownFileType = folder.assetcatalog; path = Assets.xcassets; sourceTree = "<group>"; };
		83652365284EF42A0094169E /* Preview Assets.xcassets */ = {isa = PBXFileReference; lastKnownFileType = folder.assetcatalog; path = "Preview Assets.xcassets"; sourceTree = "<group>"; };
		83652372284EF5990094169E /* LocationViewModel.swift */ = {isa = PBXFileReference; lastKnownFileType = sourcecode.swift; path = LocationViewModel.swift; sourceTree = "<group>"; };
		83652374284EF6400094169E /* RequestLocationView.swift */ = {isa = PBXFileReference; lastKnownFileType = sourcecode.swift; path = RequestLocationView.swift; sourceTree = "<group>"; };
		83652376284EF6480094169E /* ErrorView.swift */ = {isa = PBXFileReference; lastKnownFileType = sourcecode.swift; path = ErrorView.swift; sourceTree = "<group>"; };
		83652378284EF6540094169E /* TrackingView.swift */ = {isa = PBXFileReference; lastKnownFileType = sourcecode.swift; path = TrackingView.swift; sourceTree = "<group>"; };
		83A1D7402877A3C000A90014 /* EventStore.swift */ = {isa = PBXFileReference; lastKnownFileType = sourcecode.swift; path = EventStore.swift; sourceTree = "<group>"; };
		83A1D7422877A46100A90014 /* Event.swift */ = {isa = PBXFileReference; lastKnownFileType = sourcecode.swift; path = Event.swift; sourceTree = "<group>"; };
		83A1D7452877A78F00A90014 /* EventRecord.swift */ = {isa = PBXFileReference; lastKnownFileType = sourcecode.swift; path = EventRecord.swift; sourceTree = "<group>"; };
		83DD62F8287A25AA004A0795 /* RecordIconView.swift */ = {isa = PBXFileReference; lastKnownFileType = sourcecode.swift; path = RecordIconView.swift; sourceTree = "<group>"; };
		83DD62FA287A34BA004A0795 /* RecordedEventListView.swift */ = {isa = PBXFileReference; lastKnownFileType = sourcecode.swift; path = RecordedEventListView.swift; sourceTree = "<group>"; };
		83DD62FC287A358F004A0795 /* RecordedEventViewIcon.swift */ = {isa = PBXFileReference; lastKnownFileType = sourcecode.swift; path = RecordedEventViewIcon.swift; sourceTree = "<group>"; };
		83DD62FE287A48F7004A0795 /* SpecificEventDetailsView.swift */ = {isa = PBXFileReference; lastKnownFileType = sourcecode.swift; path = SpecificEventDetailsView.swift; sourceTree = "<group>"; };
		83DD6300287A4D29004A0795 /* MapView.swift */ = {isa = PBXFileReference; lastKnownFileType = sourcecode.swift; path = MapView.swift; sourceTree = "<group>"; };
/* End PBXFileReference section */

/* Begin PBXFrameworksBuildPhase section */
		83652358284EF4260094169E /* Frameworks */ = {
			isa = PBXFrameworksBuildPhase;
			buildActionMask = 2147483647;
			files = (
			);
			runOnlyForDeploymentPostprocessing = 0;
		};
/* End PBXFrameworksBuildPhase section */

/* Begin PBXGroup section */
		83652352284EF4260094169E = {
			isa = PBXGroup;
			children = (
				8365235D284EF4260094169E /* LocationManagerExample */,
				8365235C284EF4260094169E /* Products */,
			);
			sourceTree = "<group>";
		};
		8365235C284EF4260094169E /* Products */ = {
			isa = PBXGroup;
			children = (
				8365235B284EF4260094169E /* LocationManagerExample.app */,
			);
			name = Products;
			sourceTree = "<group>";
		};
		8365235D284EF4260094169E /* LocationManagerExample */ = {
			isa = PBXGroup;
			children = (
				83DD62FA287A34BA004A0795 /* RecordedEventListView.swift */,
				83DD62FE287A48F7004A0795 /* SpecificEventDetailsView.swift */,
				8365235E284EF4260094169E /* LocationManagerExampleApp.swift */,
				83652360284EF4260094169E /* ContentView.swift */,
				83652374284EF6400094169E /* RequestLocationView.swift */,
				83652378284EF6540094169E /* TrackingView.swift */,
				83DD62FC287A358F004A0795 /* RecordedEventViewIcon.swift */,
				83DD62F8287A25AA004A0795 /* RecordIconView.swift */,
				83652376284EF6480094169E /* ErrorView.swift */,
				83652372284EF5990094169E /* LocationViewModel.swift */,
				83A1D7442877A46500A90014 /* New Group */,
				83652362284EF42A0094169E /* Assets.xcassets */,
				83652364284EF42A0094169E /* Preview Content */,
			);
			path = LocationManagerExample;
			sourceTree = "<group>";
		};
		83652364284EF42A0094169E /* Preview Content */ = {
			isa = PBXGroup;
			children = (
				83652365284EF42A0094169E /* Preview Assets.xcassets */,
			);
			path = "Preview Content";
			sourceTree = "<group>";
		};
		83A1D7442877A46500A90014 /* New Group */ = {
			isa = PBXGroup;
			children = (
				83A1D7402877A3C000A90014 /* EventStore.swift */,
				83A1D7422877A46100A90014 /* Event.swift */,
				83A1D7452877A78F00A90014 /* EventRecord.swift */,
				83DD6300287A4D29004A0795 /* MapView.swift */,
			);
			path = "New Group";
			sourceTree = "<group>";
		};
/* End PBXGroup section */

/* Begin PBXNativeTarget section */
		8365235A284EF4260094169E /* LocationManagerExample */ = {
			isa = PBXNativeTarget;
			buildConfigurationList = 83652369284EF42A0094169E /* Build configuration list for PBXNativeTarget "LocationManagerExample" */;
			buildPhases = (
				83652357284EF4260094169E /* Sources */,
				83652358284EF4260094169E /* Frameworks */,
				83652359284EF4260094169E /* Resources */,
			);
			buildRules = (
			);
			dependencies = (
			);
			name = LocationManagerExample;
			productName = LocationManagerExample;
			productReference = 8365235B284EF4260094169E /* LocationManagerExample.app */;
			productType = "com.apple.product-type.application";
		};
/* End PBXNativeTarget section */

/* Begin PBXProject section */
		83652353284EF4260094169E /* Project object */ = {
			isa = PBXProject;
			attributes = {
				BuildIndependentTargetsInParallel = 1;
				LastSwiftUpdateCheck = 1340;
				LastUpgradeCheck = 1340;
				TargetAttributes = {
					8365235A284EF4260094169E = {
						CreatedOnToolsVersion = 13.4.1;
					};
				};
			};
			buildConfigurationList = 83652356284EF4260094169E /* Build configuration list for PBXProject "LocationManagerExample" */;
			compatibilityVersion = "Xcode 13.0";
			developmentRegion = en;
			hasScannedForEncodings = 0;
			knownRegions = (
				en,
				Base,
			);
			mainGroup = 83652352284EF4260094169E;
			productRefGroup = 8365235C284EF4260094169E /* Products */;
			projectDirPath = "";
			projectRoot = "";
			targets = (
				8365235A284EF4260094169E /* LocationManagerExample */,
			);
		};
/* End PBXProject section */

/* Begin PBXResourcesBuildPhase section */
		83652359284EF4260094169E /* Resources */ = {
			isa = PBXResourcesBuildPhase;
			buildActionMask = 2147483647;
			files = (
				83652366284EF42A0094169E /* Preview Assets.xcassets in Resources */,
				83652363284EF42A0094169E /* Assets.xcassets in Resources */,
			);
			runOnlyForDeploymentPostprocessing = 0;
		};
/* End PBXResourcesBuildPhase section */

/* Begin PBXSourcesBuildPhase section */
		83652357284EF4260094169E /* Sources */ = {
			isa = PBXSourcesBuildPhase;
			buildActionMask = 2147483647;
			files = (
				83A1D7462877A78F00A90014 /* EventRecord.swift in Sources */,
				83DD62FF287A48F7004A0795 /* SpecificEventDetailsView.swift in Sources */,
				83A1D7432877A46100A90014 /* Event.swift in Sources */,
				83DD62F9287A25AA004A0795 /* RecordIconView.swift in Sources */,
				83652377284EF6480094169E /* ErrorView.swift in Sources */,
				83652379284EF6540094169E /* TrackingView.swift in Sources */,
				83652361284EF4260094169E /* ContentView.swift in Sources */,
				83DD6301287A4D29004A0795 /* MapView.swift in Sources */,
				83DD62FB287A34BA004A0795 /* RecordedEventListView.swift in Sources */,
				83A1D7412877A3C000A90014 /* EventStore.swift in Sources */,
				83DD62FD287A358F004A0795 /* RecordedEventViewIcon.swift in Sources */,
				83652375284EF6400094169E /* RequestLocationView.swift in Sources */,
				8365235F284EF4260094169E /* LocationManagerExampleApp.swift in Sources */,
				83652373284EF5990094169E /* LocationViewModel.swift in Sources */,
			);
			runOnlyForDeploymentPostprocessing = 0;
		};
/* End PBXSourcesBuildPhase section */

/* Begin XCBuildConfiguration section */
		83652367284EF42A0094169E /* Debug */ = {
			isa = XCBuildConfiguration;
			buildSettings = {
				ALWAYS_SEARCH_USER_PATHS = NO;
				CLANG_ANALYZER_NONNULL = YES;
				CLANG_ANALYZER_NUMBER_OBJECT_CONVERSION = YES_AGGRESSIVE;
				CLANG_CXX_LANGUAGE_STANDARD = "gnu++17";
				CLANG_ENABLE_MODULES = YES;
				CLANG_ENABLE_OBJC_ARC = YES;
				CLANG_ENABLE_OBJC_WEAK = YES;
				CLANG_WARN_BLOCK_CAPTURE_AUTORELEASING = YES;
				CLANG_WARN_BOOL_CONVERSION = YES;
				CLANG_WARN_COMMA = YES;
				CLANG_WARN_CONSTANT_CONVERSION = YES;
				CLANG_WARN_DEPRECATED_OBJC_IMPLEMENTATIONS = YES;
				CLANG_WARN_DIRECT_OBJC_ISA_USAGE = YES_ERROR;
				CLANG_WARN_DOCUMENTATION_COMMENTS = YES;
				CLANG_WARN_EMPTY_BODY = YES;
				CLANG_WARN_ENUM_CONVERSION = YES;
				CLANG_WARN_INFINITE_RECURSION = YES;
				CLANG_WARN_INT_CONVERSION = YES;
				CLANG_WARN_NON_LITERAL_NULL_CONVERSION = YES;
				CLANG_WARN_OBJC_IMPLICIT_RETAIN_SELF = YES;
				CLANG_WARN_OBJC_LITERAL_CONVERSION = YES;
				CLANG_WARN_OBJC_ROOT_CLASS = YES_ERROR;
				CLANG_WARN_QUOTED_INCLUDE_IN_FRAMEWORK_HEADER = YES;
				CLANG_WARN_RANGE_LOOP_ANALYSIS = YES;
				CLANG_WARN_STRICT_PROTOTYPES = YES;
				CLANG_WARN_SUSPICIOUS_MOVE = YES;
				CLANG_WARN_UNGUARDED_AVAILABILITY = YES_AGGRESSIVE;
				CLANG_WARN_UNREACHABLE_CODE = YES;
				CLANG_WARN__DUPLICATE_METHOD_MATCH = YES;
				COPY_PHASE_STRIP = NO;
				DEBUG_INFORMATION_FORMAT = dwarf;
				ENABLE_STRICT_OBJC_MSGSEND = YES;
				ENABLE_TESTABILITY = YES;
				GCC_C_LANGUAGE_STANDARD = gnu11;
				GCC_DYNAMIC_NO_PIC = NO;
				GCC_NO_COMMON_BLOCKS = YES;
				GCC_OPTIMIZATION_LEVEL = 0;
				GCC_PREPROCESSOR_DEFINITIONS = (
					"DEBUG=1",
					"$(inherited)",
				);
				GCC_WARN_64_TO_32_BIT_CONVERSION = YES;
				GCC_WARN_ABOUT_RETURN_TYPE = YES_ERROR;
				GCC_WARN_UNDECLARED_SELECTOR = YES;
				GCC_WARN_UNINITIALIZED_AUTOS = YES_AGGRESSIVE;
				GCC_WARN_UNUSED_FUNCTION = YES;
				GCC_WARN_UNUSED_VARIABLE = YES;
				IPHONEOS_DEPLOYMENT_TARGET = 15.5;
				MTL_ENABLE_DEBUG_INFO = INCLUDE_SOURCE;
				MTL_FAST_MATH = YES;
				ONLY_ACTIVE_ARCH = YES;
				SDKROOT = iphoneos;
				SWIFT_ACTIVE_COMPILATION_CONDITIONS = DEBUG;
				SWIFT_OPTIMIZATION_LEVEL = "-Onone";
			};
			name = Debug;
		};
		83652368284EF42A0094169E /* Release */ = {
			isa = XCBuildConfiguration;
			buildSettings = {
				ALWAYS_SEARCH_USER_PATHS = NO;
				CLANG_ANALYZER_NONNULL = YES;
				CLANG_ANALYZER_NUMBER_OBJECT_CONVERSION = YES_AGGRESSIVE;
				CLANG_CXX_LANGUAGE_STANDARD = "gnu++17";
				CLANG_ENABLE_MODULES = YES;
				CLANG_ENABLE_OBJC_ARC = YES;
				CLANG_ENABLE_OBJC_WEAK = YES;
				CLANG_WARN_BLOCK_CAPTURE_AUTORELEASING = YES;
				CLANG_WARN_BOOL_CONVERSION = YES;
				CLANG_WARN_COMMA = YES;
				CLANG_WARN_CONSTANT_CONVERSION = YES;
				CLANG_WARN_DEPRECATED_OBJC_IMPLEMENTATIONS = YES;
				CLANG_WARN_DIRECT_OBJC_ISA_USAGE = YES_ERROR;
				CLANG_WARN_DOCUMENTATION_COMMENTS = YES;
				CLANG_WARN_EMPTY_BODY = YES;
				CLANG_WARN_ENUM_CONVERSION = YES;
				CLANG_WARN_INFINITE_RECURSION = YES;
				CLANG_WARN_INT_CONVERSION = YES;
				CLANG_WARN_NON_LITERAL_NULL_CONVERSION = YES;
				CLANG_WARN_OBJC_IMPLICIT_RETAIN_SELF = YES;
				CLANG_WARN_OBJC_LITERAL_CONVERSION = YES;
				CLANG_WARN_OBJC_ROOT_CLASS = YES_ERROR;
				CLANG_WARN_QUOTED_INCLUDE_IN_FRAMEWORK_HEADER = YES;
				CLANG_WARN_RANGE_LOOP_ANALYSIS = YES;
				CLANG_WARN_STRICT_PROTOTYPES = YES;
				CLANG_WARN_SUSPICIOUS_MOVE = YES;
				CLANG_WARN_UNGUARDED_AVAILABILITY = YES_AGGRESSIVE;
				CLANG_WARN_UNREACHABLE_CODE = YES;
				CLANG_WARN__DUPLICATE_METHOD_MATCH = YES;
				COPY_PHASE_STRIP = NO;
				DEBUG_INFORMATION_FORMAT = "dwarf-with-dsym";
				ENABLE_NS_ASSERTIONS = NO;
				ENABLE_STRICT_OBJC_MSGSEND = YES;
				GCC_C_LANGUAGE_STANDARD = gnu11;
				GCC_NO_COMMON_BLOCKS = YES;
				GCC_WARN_64_TO_32_BIT_CONVERSION = YES;
				GCC_WARN_ABOUT_RETURN_TYPE = YES_ERROR;
				GCC_WARN_UNDECLARED_SELECTOR = YES;
				GCC_WARN_UNINITIALIZED_AUTOS = YES_AGGRESSIVE;
				GCC_WARN_UNUSED_FUNCTION = YES;
				GCC_WARN_UNUSED_VARIABLE = YES;
				IPHONEOS_DEPLOYMENT_TARGET = 15.5;
				MTL_ENABLE_DEBUG_INFO = NO;
				MTL_FAST_MATH = YES;
				SDKROOT = iphoneos;
				SWIFT_COMPILATION_MODE = wholemodule;
				SWIFT_OPTIMIZATION_LEVEL = "-O";
				VALIDATE_PRODUCT = YES;
			};
			name = Release;
		};
		8365236A284EF42A0094169E /* Debug */ = {
			isa = XCBuildConfiguration;
			buildSettings = {
				ASSETCATALOG_COMPILER_APPICON_NAME = AppIcon;
				ASSETCATALOG_COMPILER_GLOBAL_ACCENT_COLOR_NAME = AccentColor;
				CODE_SIGN_STYLE = Automatic;
				CURRENT_PROJECT_VERSION = 1;
				DEVELOPMENT_ASSET_PATHS = "\"LocationManagerExample/Preview Content\"";
				DEVELOPMENT_TEAM = EHNUR444DN;
				ENABLE_PREVIEWS = YES;
				GENERATE_INFOPLIST_FILE = YES;
				INFOPLIST_KEY_NSLocationWhenInUseUsageDescription = "This is to add a location to your information.";
				INFOPLIST_KEY_UIApplicationSceneManifest_Generation = YES;
				INFOPLIST_KEY_UIApplicationSupportsIndirectInputEvents = YES;
				INFOPLIST_KEY_UILaunchScreen_Generation = YES;
				INFOPLIST_KEY_UISupportedInterfaceOrientations_iPad = "UIInterfaceOrientationPortrait UIInterfaceOrientationPortraitUpsideDown UIInterfaceOrientationLandscapeLeft UIInterfaceOrientationLandscapeRight";
				INFOPLIST_KEY_UISupportedInterfaceOrientations_iPhone = "UIInterfaceOrientationPortrait UIInterfaceOrientationLandscapeLeft UIInterfaceOrientationLandscapeRight";
				LD_RUNPATH_SEARCH_PATHS = (
					"$(inherited)",
					"@executable_path/Frameworks",
				);
				MARKETING_VERSION = 1.0;
				PRODUCT_BUNDLE_IDENTIFIER = com.adamsocki.LocationManagerExample;
				PRODUCT_NAME = "$(TARGET_NAME)";
				SWIFT_EMIT_LOC_STRINGS = YES;
				SWIFT_VERSION = 5.0;
				TARGETED_DEVICE_FAMILY = "1,2";
			};
			name = Debug;
		};
		8365236B284EF42A0094169E /* Release */ = {
			isa = XCBuildConfiguration;
			buildSettings = {
				ASSETCATALOG_COMPILER_APPICON_NAME = AppIcon;
				ASSETCATALOG_COMPILER_GLOBAL_ACCENT_COLOR_NAME = AccentColor;
				CODE_SIGN_STYLE = Automatic;
				CURRENT_PROJECT_VERSION = 1;
				DEVELOPMENT_ASSET_PATHS = "\"LocationManagerExample/Preview Content\"";
				DEVELOPMENT_TEAM = EHNUR444DN;
				ENABLE_PREVIEWS = YES;
				GENERATE_INFOPLIST_FILE = YES;
				INFOPLIST_KEY_NSLocationWhenInUseUsageDescription = "This is to add a location to your information.";
				INFOPLIST_KEY_UIApplicationSceneManifest_Generation = YES;
				INFOPLIST_KEY_UIApplicationSupportsIndirectInputEvents = YES;
				INFOPLIST_KEY_UILaunchScreen_Generation = YES;
				INFOPLIST_KEY_UISupportedInterfaceOrientations_iPad = "UIInterfaceOrientationPortrait UIInterfaceOrientationPortraitUpsideDown UIInterfaceOrientationLandscapeLeft UIInterfaceOrientationLandscapeRight";
				INFOPLIST_KEY_UISupportedInterfaceOrientations_iPhone = "UIInterfaceOrientationPortrait UIInterfaceOrientationLandscapeLeft UIInterfaceOrientationLandscapeRight";
				LD_RUNPATH_SEARCH_PATHS = (
					"$(inherited)",
					"@executable_path/Frameworks",
				);
				MARKETING_VERSION = 1.0;
				PRODUCT_BUNDLE_IDENTIFIER = com.adamsocki.LocationManagerExample;
				PRODUCT_NAME = "$(TARGET_NAME)";
				SWIFT_EMIT_LOC_STRINGS = YES;
				SWIFT_VERSION = 5.0;
				TARGETED_DEVICE_FAMILY = "1,2";
			};
			name = Release;
		};
/* End XCBuildConfiguration section */

/* Begin XCConfigurationList section */
		83652356284EF4260094169E /* Build configuration list for PBXProject "LocationManagerExample" */ = {
			isa = XCConfigurationList;
			buildConfigurations = (
				83652367284EF42A0094169E /* Debug */,
				83652368284EF42A0094169E /* Release */,
			);
			defaultConfigurationIsVisible = 0;
			defaultConfigurationName = Release;
		};
		83652369284EF42A0094169E /* Build configuration list for PBXNativeTarget "LocationManagerExample" */ = {
			isa = XCConfigurationList;
			buildConfigurations = (
				8365236A284EF42A0094169E /* Debug */,
				8365236B284EF42A0094169E /* Release */,
			);
			defaultConfigurationIsVisible = 0;
			defaultConfigurationName = Release;
		};
/* End XCConfigurationList section */
	};
	rootObject = 83652353284EF4260094169E /* Project object */;
}
